<?xml version="1.0" encoding="utf-8"?>
<Project ToolsVersion="4.0" xmlns="http://schemas.microsoft.com/developer/msbuild/2003">
  <ItemGroup>
    <Filter Include="Source Files">
      <UniqueIdentifier>{4FC737F1-C7A5-4376-A066-2A32D752A2FF}</UniqueIdentifier>
      <Extensions>cpp;c;cc;cxx;c++;cppm;ixx;def;odl;idl;hpj;bat;asm;asmx</Extensions>
    </Filter>
    <Filter Include="Header Files">
      <UniqueIdentifier>{93995380-89BD-4b04-88EB-625FBE52EBFB}</UniqueIdentifier>
      <Extensions>h;hh;hpp;hxx;h++;hm;inl;inc;ipp;xsd</Extensions>
    </Filter>
    <Filter Include="Resource Files">
      <UniqueIdentifier>{67DA6AB6-F800-4c08-8B7A-83BB121AAD01}</UniqueIdentifier>
      <Extensions>rc;ico;cur;bmp;dlg;rc2;rct;bin;rgs;gif;jpg;jpeg;jpe;resx;tiff;tif;png;wav;mfcribbon-ms</Extensions>
    </Filter>
  </ItemGroup>
  <ItemGroup>
    <ClCompile Include="src\main.cpp">
      <Filter>Source Files</Filter>
    </ClCompile>
    <ClCompile Include="src\sorting\ExternalSort.cpp">
      <Filter>Source Files</Filter>
    </ClCompile>
    <ClCompile Include="src\sorting\ContignousBufferFiller.cpp">
      <Filter>Source Files</Filter>
    </ClCompile>
    <ClCompile Include="src\sorting\BufferToSeriesSplitter.cpp">
      <Filter>Source Files</Filter>
    </ClCompile>
    <ClCompile Include="src\sorting\TapeManager.cpp">
      <Filter>Source Files</Filter>
    </ClCompile>
    <ClCompile Include="src\sorting\Sorting.cpp">
      <Filter>Source Files</Filter>
    </ClCompile>
    <ClCompile Include="src\common\config\ArgsParser.cpp">
      <Filter>Source Files</Filter>
    </ClCompile>
    <ClCompile Include="src\common\config\LocatorConfigurator.cpp">
      <Filter>Source Files</Filter>
    </ClCompile>
    <ClCompile Include="src\common\io\printers\FormatedRecordPrinter.cpp">
      <Filter>Source Files</Filter>
    </ClCompile>
    <ClCompile Include="src\common\io\printers\PrettyOutput.cpp">
      <Filter>Source Files</Filter>
    </ClCompile>
    <ClCompile Include="src\common\io\ConstrainedFile.cpp">
      <Filter>Source Files</Filter>
    </ClCompile>
    <ClCompile Include="src\common\io\File.cpp">
      <Filter>Source Files</Filter>
    </ClCompile>
    <ClCompile Include="src\common\model\RecordComparators.cpp">
      <Filter>Source Files</Filter>
    </ClCompile>
  </ItemGroup>
  <ItemGroup>
    <ClInclude Include="model\Record.h">
      <Filter>Header Files</Filter>
    </ClInclude>
    <ClInclude Include="model\RecordComparators.h">
      <Filter>Header Files</Filter>
    </ClInclude>
    <ClInclude Include="model\parsers\StreamObjectParser.h">
      <Filter>Header Files</Filter>
    </ClInclude>
    <ClInclude Include="model\parsers\StreamRecordParser.h">
      <Filter>Header Files</Filter>
    </ClInclude>
    <ClInclude Include="sorting\ExternalSort.h">
      <Filter>Header Files</Filter>
    </ClInclude>
    <ClInclude Include="src\sorting\ExternalSort.h">
      <Filter>Header Files</Filter>
    </ClInclude>
    <ClInclude Include="src\sorting\ContignousBufferFiller.h">
      <Filter>Header Files</Filter>
    </ClInclude>
    <ClInclude Include="src\sorting\BufferToSeriesSplitter.h">
      <Filter>Header Files</Filter>
    </ClInclude>
    <ClInclude Include="src\sorting\TapeManager.h">
      <Filter>Header Files</Filter>
    </ClInclude>
    <ClInclude Include="src\common\Subprogram.h">
      <Filter>Header Files</Filter>
    </ClInclude>
    <ClInclude Include="src\sorting\Sorting.h">
      <Filter>Header Files</Filter>
    </ClInclude>
    <ClInclude Include="src\common\config\ArgsParser.h">
      <Filter>Header Files</Filter>
    </ClInclude>
    <ClInclude Include="src\common\config\Locator.h">
      <Filter>Header Files</Filter>
    </ClInclude>
    <ClInclude Include="src\common\config\LocatorConfigurator.h">
      <Filter>Header Files</Filter>
    </ClInclude>
    <ClInclude Include="src\common\io\printers\FormatedRecordPrinter.h">
      <Filter>Header Files</Filter>
    </ClInclude>
    <ClInclude Include="src\common\io\printers\PrettyOutput.h">
      <Filter>Header Files</Filter>
    </ClInclude>
    <ClInclude Include="src\common\io\printers\SingleRecordPrinter.h">
      <Filter>Header Files</Filter>
    </ClInclude>
    <ClInclude Include="src\common\io\ConstrainedFile.h">
      <Filter>Header Files</Filter>
    </ClInclude>
    <ClInclude Include="src\common\io\File.h">
      <Filter>Header Files</Filter>
    </ClInclude>
    <ClInclude Include="src\common\model\Buffer.h">
      <Filter>Header Files</Filter>
    </ClInclude>
    <ClInclude Include="src\common\model\Record.h">
      <Filter>Header Files</Filter>
    </ClInclude>
    <ClInclude Include="src\common\model\RecordComparators.h">
      <Filter>Header Files</Filter>
    </ClInclude>
  </ItemGroup>
  <ItemGroup>
    <None Include="script\data_generator.py" />
    <None Include="data\input10.bin">
      <Filter>Resource Files</Filter>
    </None>
    <None Include="data\input10000.bin">
      <Filter>Resource Files</Filter>
    </None>
    <None Include="data\input100000.bin">
      <Filter>Resource Files</Filter>
    </None>
    <None Include="data\input500000.bin">
      <Filter>Resource Files</Filter>
    </None>
    <None Include="data\input1000000.bin">
      <Filter>Resource Files</Filter>
    </None>
    <None Include="data\input10000000.bin">
      <Filter>Resource Files</Filter>
    </None>
    <None Include="data\input100000000.bin">
      <Filter>Resource Files</Filter>
    </None>
  </ItemGroup>
</Project>